Microsoft Visual Studio Solution File, Format Version 12.00
# Visual Studio 14
Project("{8BC9CEB8-8B4A-11D0-8D11-00A0C91BC942}") = "ALL_BUILD", "ALL_BUILD.vcxproj", "{00F5A384-1B6A-3644-9F74-E4E4EB8B8F48}"
	ProjectSection(ProjectDependencies) = postProject
		{5286796D-DB99-3E3D-A2BC-66A2431027C6} = {5286796D-DB99-3E3D-A2BC-66A2431027C6}
		{57B06FF9-1E4E-32E0-A66A-B4C3E12EF33A} = {57B06FF9-1E4E-32E0-A66A-B4C3E12EF33A}
		{7C3324ED-D7F0-3EDE-9806-F3DA1FEFC266} = {7C3324ED-D7F0-3EDE-9806-F3DA1FEFC266}
		{48F380CA-BE8C-36C7-ABB7-6FFA6B49612B} = {48F380CA-BE8C-36C7-ABB7-6FFA6B49612B}
		{CFE14113-ED02-3E75-8D68-388B27047533} = {CFE14113-ED02-3E75-8D68-388B27047533}
		{7C4F7AF6-E463-3436-91A6-0D5F5DAE7EE5} = {7C4F7AF6-E463-3436-91A6-0D5F5DAE7EE5}
		{84145D52-67CF-3372-815D-6EF4FB6F3E26} = {84145D52-67CF-3372-815D-6EF4FB6F3E26}
		{E60C9ACF-27A6-3208-8E81-2C4FD079C92B} = {E60C9ACF-27A6-3208-8E81-2C4FD079C92B}
		{A6FA6E07-6A76-3FD3-923F-CBF5BEB3C0EB} = {A6FA6E07-6A76-3FD3-923F-CBF5BEB3C0EB}
		{29023F65-1640-3786-B7F7-60B0CB34E862} = {29023F65-1640-3786-B7F7-60B0CB34E862}
		{BA8D0F9F-CC0F-3B29-BB28-87AC1E0423AA} = {BA8D0F9F-CC0F-3B29-BB28-87AC1E0423AA}
		{C0391112-CAE0-36AF-9FFE-007AA213BE7D} = {C0391112-CAE0-36AF-9FFE-007AA213BE7D}
		{07E4BB9C-30FF-3033-A057-CAAE14FF5D50} = {07E4BB9C-30FF-3033-A057-CAAE14FF5D50}
		{44758C59-7908-349F-9066-406409C7A3DC} = {44758C59-7908-349F-9066-406409C7A3DC}
		{CE131E54-3166-3420-9722-A411F927884E} = {CE131E54-3166-3420-9722-A411F927884E}
		{C2D8B4B1-CE78-3F59-8842-AE5C2F44F347} = {C2D8B4B1-CE78-3F59-8842-AE5C2F44F347}
		{477E5F7F-AF2D-31D9-A074-0078C0E23B3A} = {477E5F7F-AF2D-31D9-A074-0078C0E23B3A}
		{38C4CD5D-9286-318A-A598-A38B9A8C1559} = {38C4CD5D-9286-318A-A598-A38B9A8C1559}
		{4B1DCDD0-CD75-3154-9ED3-4F3DE40AFD82} = {4B1DCDD0-CD75-3154-9ED3-4F3DE40AFD82}
		{E646ED85-743B-3FFA-AAA5-756CAB8DA145} = {E646ED85-743B-3FFA-AAA5-756CAB8DA145}
		{49DC38B3-4BA5-35E3-B123-49803C9DED48} = {49DC38B3-4BA5-35E3-B123-49803C9DED48}
		{6FDDF717-3F5B-3AD2-A827-BE33D9645BED} = {6FDDF717-3F5B-3AD2-A827-BE33D9645BED}
		{DA978493-1C5C-3D11-8542-7888D7924CF7} = {DA978493-1C5C-3D11-8542-7888D7924CF7}
		{43040C46-6834-3AA9-99A6-9F2A951D5CEB} = {43040C46-6834-3AA9-99A6-9F2A951D5CEB}
		{04C37F8F-21C3-335A-BE10-1A40D8F85647} = {04C37F8F-21C3-335A-BE10-1A40D8F85647}
	EndProjectSection
EndProject
Project("{8BC9CEB8-8B4A-11D0-8D11-00A0C91BC942}") = "Continuous", "Continuous.vcxproj", "{9725737E-49B3-3D6F-8A20-C05599C12E70}"
	ProjectSection(ProjectDependencies) = postProject
		{5286796D-DB99-3E3D-A2BC-66A2431027C6} = {5286796D-DB99-3E3D-A2BC-66A2431027C6}
	EndProjectSection
EndProject
Project("{8BC9CEB8-8B4A-11D0-8D11-00A0C91BC942}") = "Experimental", "Experimental.vcxproj", "{21D74D96-FE90-3F23-9B51-C5E9F39ABCA3}"
	ProjectSection(ProjectDependencies) = postProject
		{5286796D-DB99-3E3D-A2BC-66A2431027C6} = {5286796D-DB99-3E3D-A2BC-66A2431027C6}
	EndProjectSection
EndProject
Project("{8BC9CEB8-8B4A-11D0-8D11-00A0C91BC942}") = "INSTALL", "INSTALL.vcxproj", "{93FA03C6-E290-306B-A20C-417DAB3C24EA}"
	ProjectSection(ProjectDependencies) = postProject
		{00F5A384-1B6A-3644-9F74-E4E4EB8B8F48} = {00F5A384-1B6A-3644-9F74-E4E4EB8B8F48}
		{5286796D-DB99-3E3D-A2BC-66A2431027C6} = {5286796D-DB99-3E3D-A2BC-66A2431027C6}
	EndProjectSection
EndProject
Project("{8BC9CEB8-8B4A-11D0-8D11-00A0C91BC942}") = "Nightly", "Nightly.vcxproj", "{0562499E-371D-33F0-A6DC-AE9F7249A56B}"
	ProjectSection(ProjectDependencies) = postProject
		{5286796D-DB99-3E3D-A2BC-66A2431027C6} = {5286796D-DB99-3E3D-A2BC-66A2431027C6}
	EndProjectSection
EndProject
Project("{8BC9CEB8-8B4A-11D0-8D11-00A0C91BC942}") = "NightlyMemoryCheck", "NightlyMemoryCheck.vcxproj", "{D24F5DFC-4138-3B39-929E-CDAA417E90AD}"
	ProjectSection(ProjectDependencies) = postProject
		{5286796D-DB99-3E3D-A2BC-66A2431027C6} = {5286796D-DB99-3E3D-A2BC-66A2431027C6}
	EndProjectSection
EndProject
Project("{8BC9CEB8-8B4A-11D0-8D11-00A0C91BC942}") = "RUN_TESTS", "RUN_TESTS.vcxproj", "{30B1D6A5-79F7-3AAA-8414-511C49E70307}"
	ProjectSection(ProjectDependencies) = postProject
		{5286796D-DB99-3E3D-A2BC-66A2431027C6} = {5286796D-DB99-3E3D-A2BC-66A2431027C6}
	EndProjectSection
EndProject
Project("{8BC9CEB8-8B4A-11D0-8D11-00A0C91BC942}") = "ZERO_CHECK", "ZERO_CHECK.vcxproj", "{5286796D-DB99-3E3D-A2BC-66A2431027C6}"
	ProjectSection(ProjectDependencies) = postProject
	EndProjectSection
EndProject
Project("{8BC9CEB8-8B4A-11D0-8D11-00A0C91BC942}") = "bench", "bench.vcxproj", "{57B06FF9-1E4E-32E0-A66A-B4C3E12EF33A}"
	ProjectSection(ProjectDependencies) = postProject
		{5286796D-DB99-3E3D-A2BC-66A2431027C6} = {5286796D-DB99-3E3D-A2BC-66A2431027C6}
		{E60C9ACF-27A6-3208-8E81-2C4FD079C92B} = {E60C9ACF-27A6-3208-8E81-2C4FD079C92B}
		{A6FA6E07-6A76-3FD3-923F-CBF5BEB3C0EB} = {A6FA6E07-6A76-3FD3-923F-CBF5BEB3C0EB}
	EndProjectSection
EndProject
Project("{8BC9CEB8-8B4A-11D0-8D11-00A0C91BC942}") = "bench_cascade", "bench_cascade.vcxproj", "{7C3324ED-D7F0-3EDE-9806-F3DA1FEFC266}"
	ProjectSection(ProjectDependencies) = postProject
		{5286796D-DB99-3E3D-A2BC-66A2431027C6} = {5286796D-DB99-3E3D-A2BC-66A2431027C6}
		{E60C9ACF-27A6-3208-8E81-2C4FD079C92B} = {E60C9ACF-27A6-3208-8E81-2C4FD079C92B}
		{A6FA6E07-6A76-3FD3-923F-CBF5BEB3C0EB} = {A6FA6E07-6A76-3FD3-923F-CBF5BEB3C0EB}
	EndProjectSection
EndProject
Project("{8BC9CEB8-8B4A-11D0-8D11-00A0C91BC942}") = "bench_http", "bench_http.vcxproj", "{48F380CA-BE8C-36C7-ABB7-6FFA6B49612B}"
	ProjectSection(ProjectDependencies) = postProject
		{5286796D-DB99-3E3D-A2BC-66A2431027C6} = {5286796D-DB99-3E3D-A2BC-66A2431027C6}
		{E60C9ACF-27A6-3208-8E81-2C4FD079C92B} = {E60C9ACF-27A6-3208-8E81-2C4FD079C92B}
		{A6FA6E07-6A76-3FD3-923F-CBF5BEB3C0EB} = {A6FA6E07-6A76-3FD3-923F-CBF5BEB3C0EB}
	EndProjectSection
EndProject
Project("{8BC9CEB8-8B4A-11D0-8D11-00A0C91BC942}") = "bench_httpclient", "bench_httpclient.vcxproj", "{CFE14113-ED02-3E75-8D68-388B27047533}"
	ProjectSection(ProjectDependencies) = postProject
		{5286796D-DB99-3E3D-A2BC-66A2431027C6} = {5286796D-DB99-3E3D-A2BC-66A2431027C6}
		{E60C9ACF-27A6-3208-8E81-2C4FD079C92B} = {E60C9ACF-27A6-3208-8E81-2C4FD079C92B}
		{A6FA6E07-6A76-3FD3-923F-CBF5BEB3C0EB} = {A6FA6E07-6A76-3FD3-923F-CBF5BEB3C0EB}
	EndProjectSection
EndProject
Project("{8BC9CEB8-8B4A-11D0-8D11-00A0C91BC942}") = "dns-example", "dns-example.vcxproj", "{7C4F7AF6-E463-3436-91A6-0D5F5DAE7EE5}"
	ProjectSection(ProjectDependencies) = postProject
		{5286796D-DB99-3E3D-A2BC-66A2431027C6} = {5286796D-DB99-3E3D-A2BC-66A2431027C6}
		{E60C9ACF-27A6-3208-8E81-2C4FD079C92B} = {E60C9ACF-27A6-3208-8E81-2C4FD079C92B}
		{A6FA6E07-6A76-3FD3-923F-CBF5BEB3C0EB} = {A6FA6E07-6A76-3FD3-923F-CBF5BEB3C0EB}
	EndProjectSection
EndProject
Project("{8BC9CEB8-8B4A-11D0-8D11-00A0C91BC942}") = "event-read-fifo", "event-read-fifo.vcxproj", "{84145D52-67CF-3372-815D-6EF4FB6F3E26}"
	ProjectSection(ProjectDependencies) = postProject
		{5286796D-DB99-3E3D-A2BC-66A2431027C6} = {5286796D-DB99-3E3D-A2BC-66A2431027C6}
		{E60C9ACF-27A6-3208-8E81-2C4FD079C92B} = {E60C9ACF-27A6-3208-8E81-2C4FD079C92B}
		{A6FA6E07-6A76-3FD3-923F-CBF5BEB3C0EB} = {A6FA6E07-6A76-3FD3-923F-CBF5BEB3C0EB}
	EndProjectSection
EndProject
Project("{8BC9CEB8-8B4A-11D0-8D11-00A0C91BC942}") = "event_core_shared", "event_core_shared.vcxproj", "{E60C9ACF-27A6-3208-8E81-2C4FD079C92B}"
	ProjectSection(ProjectDependencies) = postProject
		{5286796D-DB99-3E3D-A2BC-66A2431027C6} = {5286796D-DB99-3E3D-A2BC-66A2431027C6}
	EndProjectSection
EndProject
Project("{8BC9CEB8-8B4A-11D0-8D11-00A0C91BC942}") = "event_extra_shared", "event_extra_shared.vcxproj", "{A6FA6E07-6A76-3FD3-923F-CBF5BEB3C0EB}"
	ProjectSection(ProjectDependencies) = postProject
		{5286796D-DB99-3E3D-A2BC-66A2431027C6} = {5286796D-DB99-3E3D-A2BC-66A2431027C6}
		{E60C9ACF-27A6-3208-8E81-2C4FD079C92B} = {E60C9ACF-27A6-3208-8E81-2C4FD079C92B}
	EndProjectSection
EndProject
Project("{8BC9CEB8-8B4A-11D0-8D11-00A0C91BC942}") = "event_shared", "event_shared.vcxproj", "{29023F65-1640-3786-B7F7-60B0CB34E862}"
	ProjectSection(ProjectDependencies) = postProject
		{5286796D-DB99-3E3D-A2BC-66A2431027C6} = {5286796D-DB99-3E3D-A2BC-66A2431027C6}
	EndProjectSection
EndProject
Project("{8BC9CEB8-8B4A-11D0-8D11-00A0C91BC942}") = "hello-world", "hello-world.vcxproj", "{BA8D0F9F-CC0F-3B29-BB28-87AC1E0423AA}"
	ProjectSection(ProjectDependencies) = postProject
		{5286796D-DB99-3E3D-A2BC-66A2431027C6} = {5286796D-DB99-3E3D-A2BC-66A2431027C6}
		{E60C9ACF-27A6-3208-8E81-2C4FD079C92B} = {E60C9ACF-27A6-3208-8E81-2C4FD079C92B}
		{A6FA6E07-6A76-3FD3-923F-CBF5BEB3C0EB} = {A6FA6E07-6A76-3FD3-923F-CBF5BEB3C0EB}
	EndProjectSection
EndProject
Project("{8BC9CEB8-8B4A-11D0-8D11-00A0C91BC942}") = "http-connect", "http-connect.vcxproj", "{C0391112-CAE0-36AF-9FFE-007AA213BE7D}"
	ProjectSection(ProjectDependencies) = postProject
		{5286796D-DB99-3E3D-A2BC-66A2431027C6} = {5286796D-DB99-3E3D-A2BC-66A2431027C6}
		{E60C9ACF-27A6-3208-8E81-2C4FD079C92B} = {E60C9ACF-27A6-3208-8E81-2C4FD079C92B}
		{A6FA6E07-6A76-3FD3-923F-CBF5BEB3C0EB} = {A6FA6E07-6A76-3FD3-923F-CBF5BEB3C0EB}
	EndProjectSection
EndProject
Project("{8BC9CEB8-8B4A-11D0-8D11-00A0C91BC942}") = "http-server", "http-server.vcxproj", "{07E4BB9C-30FF-3033-A057-CAAE14FF5D50}"
	ProjectSection(ProjectDependencies) = postProject
		{5286796D-DB99-3E3D-A2BC-66A2431027C6} = {5286796D-DB99-3E3D-A2BC-66A2431027C6}
		{E60C9ACF-27A6-3208-8E81-2C4FD079C92B} = {E60C9ACF-27A6-3208-8E81-2C4FD079C92B}
		{A6FA6E07-6A76-3FD3-923F-CBF5BEB3C0EB} = {A6FA6E07-6A76-3FD3-923F-CBF5BEB3C0EB}
	EndProjectSection
EndProject
Project("{8BC9CEB8-8B4A-11D0-8D11-00A0C91BC942}") = "regress", "regress.vcxproj", "{44758C59-7908-349F-9066-406409C7A3DC}"
	ProjectSection(ProjectDependencies) = postProject
		{5286796D-DB99-3E3D-A2BC-66A2431027C6} = {5286796D-DB99-3E3D-A2BC-66A2431027C6}
		{E60C9ACF-27A6-3208-8E81-2C4FD079C92B} = {E60C9ACF-27A6-3208-8E81-2C4FD079C92B}
		{A6FA6E07-6A76-3FD3-923F-CBF5BEB3C0EB} = {A6FA6E07-6A76-3FD3-923F-CBF5BEB3C0EB}
	EndProjectSection
EndProject
Project("{8BC9CEB8-8B4A-11D0-8D11-00A0C91BC942}") = "signal-test", "signal-test.vcxproj", "{CE131E54-3166-3420-9722-A411F927884E}"
	ProjectSection(ProjectDependencies) = postProject
		{5286796D-DB99-3E3D-A2BC-66A2431027C6} = {5286796D-DB99-3E3D-A2BC-66A2431027C6}
		{E60C9ACF-27A6-3208-8E81-2C4FD079C92B} = {E60C9ACF-27A6-3208-8E81-2C4FD079C92B}
		{A6FA6E07-6A76-3FD3-923F-CBF5BEB3C0EB} = {A6FA6E07-6A76-3FD3-923F-CBF5BEB3C0EB}
	EndProjectSection
EndProject
Project("{8BC9CEB8-8B4A-11D0-8D11-00A0C91BC942}") = "test-changelist", "test-changelist.vcxproj", "{C2D8B4B1-CE78-3F59-8842-AE5C2F44F347}"
	ProjectSection(ProjectDependencies) = postProject
		{5286796D-DB99-3E3D-A2BC-66A2431027C6} = {5286796D-DB99-3E3D-A2BC-66A2431027C6}
		{E60C9ACF-27A6-3208-8E81-2C4FD079C92B} = {E60C9ACF-27A6-3208-8E81-2C4FD079C92B}
		{A6FA6E07-6A76-3FD3-923F-CBF5BEB3C0EB} = {A6FA6E07-6A76-3FD3-923F-CBF5BEB3C0EB}
	EndProjectSection
EndProject
Project("{8BC9CEB8-8B4A-11D0-8D11-00A0C91BC942}") = "test-dumpevents", "test-dumpevents.vcxproj", "{477E5F7F-AF2D-31D9-A074-0078C0E23B3A}"
	ProjectSection(ProjectDependencies) = postProject
		{5286796D-DB99-3E3D-A2BC-66A2431027C6} = {5286796D-DB99-3E3D-A2BC-66A2431027C6}
		{E60C9ACF-27A6-3208-8E81-2C4FD079C92B} = {E60C9ACF-27A6-3208-8E81-2C4FD079C92B}
		{A6FA6E07-6A76-3FD3-923F-CBF5BEB3C0EB} = {A6FA6E07-6A76-3FD3-923F-CBF5BEB3C0EB}
	EndProjectSection
EndProject
Project("{8BC9CEB8-8B4A-11D0-8D11-00A0C91BC942}") = "test-eof", "test-eof.vcxproj", "{38C4CD5D-9286-318A-A598-A38B9A8C1559}"
	ProjectSection(ProjectDependencies) = postProject
		{5286796D-DB99-3E3D-A2BC-66A2431027C6} = {5286796D-DB99-3E3D-A2BC-66A2431027C6}
		{E60C9ACF-27A6-3208-8E81-2C4FD079C92B} = {E60C9ACF-27A6-3208-8E81-2C4FD079C92B}
		{A6FA6E07-6A76-3FD3-923F-CBF5BEB3C0EB} = {A6FA6E07-6A76-3FD3-923F-CBF5BEB3C0EB}
	EndProjectSection
EndProject
Project("{8BC9CEB8-8B4A-11D0-8D11-00A0C91BC942}") = "test-fdleak", "test-fdleak.vcxproj", "{4B1DCDD0-CD75-3154-9ED3-4F3DE40AFD82}"
	ProjectSection(ProjectDependencies) = postProject
		{5286796D-DB99-3E3D-A2BC-66A2431027C6} = {5286796D-DB99-3E3D-A2BC-66A2431027C6}
		{E60C9ACF-27A6-3208-8E81-2C4FD079C92B} = {E60C9ACF-27A6-3208-8E81-2C4FD079C92B}
		{A6FA6E07-6A76-3FD3-923F-CBF5BEB3C0EB} = {A6FA6E07-6A76-3FD3-923F-CBF5BEB3C0EB}
	EndProjectSection
EndProject
Project("{8BC9CEB8-8B4A-11D0-8D11-00A0C91BC942}") = "test-init", "test-init.vcxproj", "{E646ED85-743B-3FFA-AAA5-756CAB8DA145}"
	ProjectSection(ProjectDependencies) = postProject
		{5286796D-DB99-3E3D-A2BC-66A2431027C6} = {5286796D-DB99-3E3D-A2BC-66A2431027C6}
		{E60C9ACF-27A6-3208-8E81-2C4FD079C92B} = {E60C9ACF-27A6-3208-8E81-2C4FD079C92B}
		{A6FA6E07-6A76-3FD3-923F-CBF5BEB3C0EB} = {A6FA6E07-6A76-3FD3-923F-CBF5BEB3C0EB}
	EndProjectSection
EndProject
Project("{8BC9CEB8-8B4A-11D0-8D11-00A0C91BC942}") = "test-ratelim", "test-ratelim.vcxproj", "{49DC38B3-4BA5-35E3-B123-49803C9DED48}"
	ProjectSection(ProjectDependencies) = postProject
		{5286796D-DB99-3E3D-A2BC-66A2431027C6} = {5286796D-DB99-3E3D-A2BC-66A2431027C6}
		{E60C9ACF-27A6-3208-8E81-2C4FD079C92B} = {E60C9ACF-27A6-3208-8E81-2C4FD079C92B}
		{A6FA6E07-6A76-3FD3-923F-CBF5BEB3C0EB} = {A6FA6E07-6A76-3FD3-923F-CBF5BEB3C0EB}
	EndProjectSection
EndProject
Project("{8BC9CEB8-8B4A-11D0-8D11-00A0C91BC942}") = "test-time", "test-time.vcxproj", "{6FDDF717-3F5B-3AD2-A827-BE33D9645BED}"
	ProjectSection(ProjectDependencies) = postProject
		{5286796D-DB99-3E3D-A2BC-66A2431027C6} = {5286796D-DB99-3E3D-A2BC-66A2431027C6}
		{E60C9ACF-27A6-3208-8E81-2C4FD079C92B} = {E60C9ACF-27A6-3208-8E81-2C4FD079C92B}
		{A6FA6E07-6A76-3FD3-923F-CBF5BEB3C0EB} = {A6FA6E07-6A76-3FD3-923F-CBF5BEB3C0EB}
	EndProjectSection
EndProject
Project("{8BC9CEB8-8B4A-11D0-8D11-00A0C91BC942}") = "test-weof", "test-weof.vcxproj", "{DA978493-1C5C-3D11-8542-7888D7924CF7}"
	ProjectSection(ProjectDependencies) = postProject
		{5286796D-DB99-3E3D-A2BC-66A2431027C6} = {5286796D-DB99-3E3D-A2BC-66A2431027C6}
		{E60C9ACF-27A6-3208-8E81-2C4FD079C92B} = {E60C9ACF-27A6-3208-8E81-2C4FD079C92B}
		{A6FA6E07-6A76-3FD3-923F-CBF5BEB3C0EB} = {A6FA6E07-6A76-3FD3-923F-CBF5BEB3C0EB}
	EndProjectSection
EndProject
Project("{8BC9CEB8-8B4A-11D0-8D11-00A0C91BC942}") = "time-test", "time-test.vcxproj", "{43040C46-6834-3AA9-99A6-9F2A951D5CEB}"
	ProjectSection(ProjectDependencies) = postProject
		{5286796D-DB99-3E3D-A2BC-66A2431027C6} = {5286796D-DB99-3E3D-A2BC-66A2431027C6}
		{E60C9ACF-27A6-3208-8E81-2C4FD079C92B} = {E60C9ACF-27A6-3208-8E81-2C4FD079C92B}
		{A6FA6E07-6A76-3FD3-923F-CBF5BEB3C0EB} = {A6FA6E07-6A76-3FD3-923F-CBF5BEB3C0EB}
	EndProjectSection
EndProject
Project("{8BC9CEB8-8B4A-11D0-8D11-00A0C91BC942}") = "verify", "verify.vcxproj", "{47969DA4-2E2C-3C2F-B4F2-0A159BFD90B7}"
	ProjectSection(ProjectDependencies) = postProject
		{5286796D-DB99-3E3D-A2BC-66A2431027C6} = {5286796D-DB99-3E3D-A2BC-66A2431027C6}
		{44758C59-7908-349F-9066-406409C7A3DC} = {44758C59-7908-349F-9066-406409C7A3DC}
		{C2D8B4B1-CE78-3F59-8842-AE5C2F44F347} = {C2D8B4B1-CE78-3F59-8842-AE5C2F44F347}
		{477E5F7F-AF2D-31D9-A074-0078C0E23B3A} = {477E5F7F-AF2D-31D9-A074-0078C0E23B3A}
		{38C4CD5D-9286-318A-A598-A38B9A8C1559} = {38C4CD5D-9286-318A-A598-A38B9A8C1559}
		{4B1DCDD0-CD75-3154-9ED3-4F3DE40AFD82} = {4B1DCDD0-CD75-3154-9ED3-4F3DE40AFD82}
		{E646ED85-743B-3FFA-AAA5-756CAB8DA145} = {E646ED85-743B-3FFA-AAA5-756CAB8DA145}
		{49DC38B3-4BA5-35E3-B123-49803C9DED48} = {49DC38B3-4BA5-35E3-B123-49803C9DED48}
		{6FDDF717-3F5B-3AD2-A827-BE33D9645BED} = {6FDDF717-3F5B-3AD2-A827-BE33D9645BED}
		{DA978493-1C5C-3D11-8542-7888D7924CF7} = {DA978493-1C5C-3D11-8542-7888D7924CF7}
	EndProjectSection
EndProject
Project("{8BC9CEB8-8B4A-11D0-8D11-00A0C91BC942}") = "watch-timing", "watch-timing.vcxproj", "{04C37F8F-21C3-335A-BE10-1A40D8F85647}"
	ProjectSection(ProjectDependencies) = postProject
		{5286796D-DB99-3E3D-A2BC-66A2431027C6} = {5286796D-DB99-3E3D-A2BC-66A2431027C6}
		{E60C9ACF-27A6-3208-8E81-2C4FD079C92B} = {E60C9ACF-27A6-3208-8E81-2C4FD079C92B}
		{A6FA6E07-6A76-3FD3-923F-CBF5BEB3C0EB} = {A6FA6E07-6A76-3FD3-923F-CBF5BEB3C0EB}
	EndProjectSection
EndProject
Global
	GlobalSection(SolutionConfigurationPlatforms) = preSolution
		Debug|Win32 = Debug|Win32
		Release|Win32 = Release|Win32
	EndGlobalSection
	GlobalSection(ProjectConfigurationPlatforms) = postSolution
		{00F5A384-1B6A-3644-9F74-E4E4EB8B8F48}.Debug|Win32.ActiveCfg = Debug|Win32
		{00F5A384-1B6A-3644-9F74-E4E4EB8B8F48}.Debug|Win32.Build.0 = Debug|Win32
		{00F5A384-1B6A-3644-9F74-E4E4EB8B8F48}.Release|Win32.ActiveCfg = Release|Win32
		{00F5A384-1B6A-3644-9F74-E4E4EB8B8F48}.Release|Win32.Build.0 = Release|Win32
		{9725737E-49B3-3D6F-8A20-C05599C12E70}.Debug|Win32.ActiveCfg = Debug|Win32
		{9725737E-49B3-3D6F-8A20-C05599C12E70}.Release|Win32.ActiveCfg = Release|Win32
		{21D74D96-FE90-3F23-9B51-C5E9F39ABCA3}.Debug|Win32.ActiveCfg = Debug|Win32
		{21D74D96-FE90-3F23-9B51-C5E9F39ABCA3}.Release|Win32.ActiveCfg = Release|Win32
		{93FA03C6-E290-306B-A20C-417DAB3C24EA}.Debug|Win32.ActiveCfg = Debug|Win32
		{93FA03C6-E290-306B-A20C-417DAB3C24EA}.Release|Win32.ActiveCfg = Release|Win32
		{0562499E-371D-33F0-A6DC-AE9F7249A56B}.Debug|Win32.ActiveCfg = Debug|Win32
		{0562499E-371D-33F0-A6DC-AE9F7249A56B}.Release|Win32.ActiveCfg = Release|Win32
		{D24F5DFC-4138-3B39-929E-CDAA417E90AD}.Debug|Win32.ActiveCfg = Debug|Win32
		{D24F5DFC-4138-3B39-929E-CDAA417E90AD}.Release|Win32.ActiveCfg = Release|Win32
		{30B1D6A5-79F7-3AAA-8414-511C49E70307}.Debug|Win32.ActiveCfg = Debug|Win32
		{30B1D6A5-79F7-3AAA-8414-511C49E70307}.Release|Win32.ActiveCfg = Release|Win32
		{5286796D-DB99-3E3D-A2BC-66A2431027C6}.Debug|Win32.ActiveCfg = Debug|Win32
		{5286796D-DB99-3E3D-A2BC-66A2431027C6}.Debug|Win32.Build.0 = Debug|Win32
		{5286796D-DB99-3E3D-A2BC-66A2431027C6}.Release|Win32.ActiveCfg = Release|Win32
		{5286796D-DB99-3E3D-A2BC-66A2431027C6}.Release|Win32.Build.0 = Release|Win32
		{57B06FF9-1E4E-32E0-A66A-B4C3E12EF33A}.Debug|Win32.ActiveCfg = Debug|Win32
		{57B06FF9-1E4E-32E0-A66A-B4C3E12EF33A}.Debug|Win32.Build.0 = Debug|Win32
		{57B06FF9-1E4E-32E0-A66A-B4C3E12EF33A}.Release|Win32.ActiveCfg = Release|Win32
		{57B06FF9-1E4E-32E0-A66A-B4C3E12EF33A}.Release|Win32.Build.0 = Release|Win32
		{7C3324ED-D7F0-3EDE-9806-F3DA1FEFC266}.Debug|Win32.ActiveCfg = Debug|Win32
		{7C3324ED-D7F0-3EDE-9806-F3DA1FEFC266}.Debug|Win32.Build.0 = Debug|Win32
		{7C3324ED-D7F0-3EDE-9806-F3DA1FEFC266}.Release|Win32.ActiveCfg = Release|Win32
		{7C3324ED-D7F0-3EDE-9806-F3DA1FEFC266}.Release|Win32.Build.0 = Release|Win32
		{48F380CA-BE8C-36C7-ABB7-6FFA6B49612B}.Debug|Win32.ActiveCfg = Debug|Win32
		{48F380CA-BE8C-36C7-ABB7-6FFA6B49612B}.Debug|Win32.Build.0 = Debug|Win32
		{48F380CA-BE8C-36C7-ABB7-6FFA6B49612B}.Release|Win32.ActiveCfg = Release|Win32
		{48F380CA-BE8C-36C7-ABB7-6FFA6B49612B}.Release|Win32.Build.0 = Release|Win32
		{CFE14113-ED02-3E75-8D68-388B27047533}.Debug|Win32.ActiveCfg = Debug|Win32
		{CFE14113-ED02-3E75-8D68-388B27047533}.Debug|Win32.Build.0 = Debug|Win32
		{CFE14113-ED02-3E75-8D68-388B27047533}.Release|Win32.ActiveCfg = Release|Win32
		{CFE14113-ED02-3E75-8D68-388B27047533}.Release|Win32.Build.0 = Release|Win32
		{7C4F7AF6-E463-3436-91A6-0D5F5DAE7EE5}.Debug|Win32.ActiveCfg = Debug|Win32
		{7C4F7AF6-E463-3436-91A6-0D5F5DAE7EE5}.Debug|Win32.Build.0 = Debug|Win32
		{7C4F7AF6-E463-3436-91A6-0D5F5DAE7EE5}.Release|Win32.ActiveCfg = Release|Win32
		{7C4F7AF6-E463-3436-91A6-0D5F5DAE7EE5}.Release|Win32.Build.0 = Release|Win32
		{84145D52-67CF-3372-815D-6EF4FB6F3E26}.Debug|Win32.ActiveCfg = Debug|Win32
		{84145D52-67CF-3372-815D-6EF4FB6F3E26}.Debug|Win32.Build.0 = Debug|Win32
		{84145D52-67CF-3372-815D-6EF4FB6F3E26}.Release|Win32.ActiveCfg = Release|Win32
		{84145D52-67CF-3372-815D-6EF4FB6F3E26}.Release|Win32.Build.0 = Release|Win32
		{E60C9ACF-27A6-3208-8E81-2C4FD079C92B}.Debug|Win32.ActiveCfg = Debug|Win32
		{E60C9ACF-27A6-3208-8E81-2C4FD079C92B}.Debug|Win32.Build.0 = Debug|Win32
		{E60C9ACF-27A6-3208-8E81-2C4FD079C92B}.Release|Win32.ActiveCfg = Release|Win32
		{E60C9ACF-27A6-3208-8E81-2C4FD079C92B}.Release|Win32.Build.0 = Release|Win32
		{A6FA6E07-6A76-3FD3-923F-CBF5BEB3C0EB}.Debug|Win32.ActiveCfg = Debug|Win32
		{A6FA6E07-6A76-3FD3-923F-CBF5BEB3C0EB}.Debug|Win32.Build.0 = Debug|Win32
		{A6FA6E07-6A76-3FD3-923F-CBF5BEB3C0EB}.Release|Win32.ActiveCfg = Release|Win32
		{A6FA6E07-6A76-3FD3-923F-CBF5BEB3C0EB}.Release|Win32.Build.0 = Release|Win32
		{29023F65-1640-3786-B7F7-60B0CB34E862}.Debug|Win32.ActiveCfg = Debug|Win32
		{29023F65-1640-3786-B7F7-60B0CB34E862}.Debug|Win32.Build.0 = Debug|Win32
		{29023F65-1640-3786-B7F7-60B0CB34E862}.Release|Win32.ActiveCfg = Release|Win32
		{29023F65-1640-3786-B7F7-60B0CB34E862}.Release|Win32.Build.0 = Release|Win32
		{BA8D0F9F-CC0F-3B29-BB28-87AC1E0423AA}.Debug|Win32.ActiveCfg = Debug|Win32
		{BA8D0F9F-CC0F-3B29-BB28-87AC1E0423AA}.Debug|Win32.Build.0 = Debug|Win32
		{BA8D0F9F-CC0F-3B29-BB28-87AC1E0423AA}.Release|Win32.ActiveCfg = Release|Win32
		{BA8D0F9F-CC0F-3B29-BB28-87AC1E0423AA}.Release|Win32.Build.0 = Release|Win32
		{C0391112-CAE0-36AF-9FFE-007AA213BE7D}.Debug|Win32.ActiveCfg = Debug|Win32
		{C0391112-CAE0-36AF-9FFE-007AA213BE7D}.Debug|Win32.Build.0 = Debug|Win32
		{C0391112-CAE0-36AF-9FFE-007AA213BE7D}.Release|Win32.ActiveCfg = Release|Win32
		{C0391112-CAE0-36AF-9FFE-007AA213BE7D}.Release|Win32.Build.0 = Release|Win32
		{07E4BB9C-30FF-3033-A057-CAAE14FF5D50}.Debug|Win32.ActiveCfg = Debug|Win32
		{07E4BB9C-30FF-3033-A057-CAAE14FF5D50}.Debug|Win32.Build.0 = Debug|Win32
		{07E4BB9C-30FF-3033-A057-CAAE14FF5D50}.Release|Win32.ActiveCfg = Release|Win32
		{07E4BB9C-30FF-3033-A057-CAAE14FF5D50}.Release|Win32.Build.0 = Release|Win32
		{44758C59-7908-349F-9066-406409C7A3DC}.Debug|Win32.ActiveCfg = Debug|Win32
		{44758C59-7908-349F-9066-406409C7A3DC}.Debug|Win32.Build.0 = Debug|Win32
		{44758C59-7908-349F-9066-406409C7A3DC}.Release|Win32.ActiveCfg = Release|Win32
		{44758C59-7908-349F-9066-406409C7A3DC}.Release|Win32.Build.0 = Release|Win32
		{CE131E54-3166-3420-9722-A411F927884E}.Debug|Win32.ActiveCfg = Debug|Win32
		{CE131E54-3166-3420-9722-A411F927884E}.Debug|Win32.Build.0 = Debug|Win32
		{CE131E54-3166-3420-9722-A411F927884E}.Release|Win32.ActiveCfg = Release|Win32
		{CE131E54-3166-3420-9722-A411F927884E}.Release|Win32.Build.0 = Release|Win32
		{C2D8B4B1-CE78-3F59-8842-AE5C2F44F347}.Debug|Win32.ActiveCfg = Debug|Win32
		{C2D8B4B1-CE78-3F59-8842-AE5C2F44F347}.Debug|Win32.Build.0 = Debug|Win32
		{C2D8B4B1-CE78-3F59-8842-AE5C2F44F347}.Release|Win32.ActiveCfg = Release|Win32
		{C2D8B4B1-CE78-3F59-8842-AE5C2F44F347}.Release|Win32.Build.0 = Release|Win32
		{477E5F7F-AF2D-31D9-A074-0078C0E23B3A}.Debug|Win32.ActiveCfg = Debug|Win32
		{477E5F7F-AF2D-31D9-A074-0078C0E23B3A}.Debug|Win32.Build.0 = Debug|Win32
		{477E5F7F-AF2D-31D9-A074-0078C0E23B3A}.Release|Win32.ActiveCfg = Release|Win32
		{477E5F7F-AF2D-31D9-A074-0078C0E23B3A}.Release|Win32.Build.0 = Release|Win32
		{38C4CD5D-9286-318A-A598-A38B9A8C1559}.Debug|Win32.ActiveCfg = Debug|Win32
		{38C4CD5D-9286-318A-A598-A38B9A8C1559}.Debug|Win32.Build.0 = Debug|Win32
		{38C4CD5D-9286-318A-A598-A38B9A8C1559}.Release|Win32.ActiveCfg = Release|Win32
		{38C4CD5D-9286-318A-A598-A38B9A8C1559}.Release|Win32.Build.0 = Release|Win32
		{4B1DCDD0-CD75-3154-9ED3-4F3DE40AFD82}.Debug|Win32.ActiveCfg = Debug|Win32
		{4B1DCDD0-CD75-3154-9ED3-4F3DE40AFD82}.Debug|Win32.Build.0 = Debug|Win32
		{4B1DCDD0-CD75-3154-9ED3-4F3DE40AFD82}.Release|Win32.ActiveCfg = Release|Win32
		{4B1DCDD0-CD75-3154-9ED3-4F3DE40AFD82}.Release|Win32.Build.0 = Release|Win32
		{E646ED85-743B-3FFA-AAA5-756CAB8DA145}.Debug|Win32.ActiveCfg = Debug|Win32
		{E646ED85-743B-3FFA-AAA5-756CAB8DA145}.Debug|Win32.Build.0 = Debug|Win32
		{E646ED85-743B-3FFA-AAA5-756CAB8DA145}.Release|Win32.ActiveCfg = Release|Win32
		{E646ED85-743B-3FFA-AAA5-756CAB8DA145}.Release|Win32.Build.0 = Release|Win32
		{49DC38B3-4BA5-35E3-B123-49803C9DED48}.Debug|Win32.ActiveCfg = Debug|Win32
		{49DC38B3-4BA5-35E3-B123-49803C9DED48}.Debug|Win32.Build.0 = Debug|Win32
		{49DC38B3-4BA5-35E3-B123-49803C9DED48}.Release|Win32.ActiveCfg = Release|Win32
		{49DC38B3-4BA5-35E3-B123-49803C9DED48}.Release|Win32.Build.0 = Release|Win32
		{6FDDF717-3F5B-3AD2-A827-BE33D9645BED}.Debug|Win32.ActiveCfg = Debug|Win32
		{6FDDF717-3F5B-3AD2-A827-BE33D9645BED}.Debug|Win32.Build.0 = Debug|Win32
		{6FDDF717-3F5B-3AD2-A827-BE33D9645BED}.Release|Win32.ActiveCfg = Release|Win32
		{6FDDF717-3F5B-3AD2-A827-BE33D9645BED}.Release|Win32.Build.0 = Release|Win32
		{DA978493-1C5C-3D11-8542-7888D7924CF7}.Debug|Win32.ActiveCfg = Debug|Win32
		{DA978493-1C5C-3D11-8542-7888D7924CF7}.Debug|Win32.Build.0 = Debug|Win32
		{DA978493-1C5C-3D11-8542-7888D7924CF7}.Release|Win32.ActiveCfg = Release|Win32
		{DA978493-1C5C-3D11-8542-7888D7924CF7}.Release|Win32.Build.0 = Release|Win32
		{43040C46-6834-3AA9-99A6-9F2A951D5CEB}.Debug|Win32.ActiveCfg = Debug|Win32
		{43040C46-6834-3AA9-99A6-9F2A951D5CEB}.Debug|Win32.Build.0 = Debug|Win32
		{43040C46-6834-3AA9-99A6-9F2A951D5CEB}.Release|Win32.ActiveCfg = Release|Win32
		{43040C46-6834-3AA9-99A6-9F2A951D5CEB}.Release|Win32.Build.0 = Release|Win32
		{47969DA4-2E2C-3C2F-B4F2-0A159BFD90B7}.Debug|Win32.ActiveCfg = Debug|Win32
		{47969DA4-2E2C-3C2F-B4F2-0A159BFD90B7}.Release|Win32.ActiveCfg = Release|Win32
		{04C37F8F-21C3-335A-BE10-1A40D8F85647}.Debug|Win32.ActiveCfg = Debug|Win32
		{04C37F8F-21C3-335A-BE10-1A40D8F85647}.Debug|Win32.Build.0 = Debug|Win32
		{04C37F8F-21C3-335A-BE10-1A40D8F85647}.Release|Win32.ActiveCfg = Release|Win32
		{04C37F8F-21C3-335A-BE10-1A40D8F85647}.Release|Win32.Build.0 = Release|Win32
	EndGlobalSection
	GlobalSection(ExtensibilityGlobals) = postSolution
		SolutionGuid = {C0735312-13A7-3B0A-B8B4-504DD18DD047}
	EndGlobalSection
	GlobalSection(ExtensibilityAddIns) = postSolution
	EndGlobalSection
EndGlobal
